
Microsoft Visual Studio Solution File, Format Version 12.00
# Visual Studio Version 16
VisualStudioVersion = 16.0.31507.150
MinimumVisualStudioVersion = 10.0.40219.1
Project("{D954291E-2A0B-460D-934E-DC6B0785DB48}") = "POSUNO.Shared", "POSUNO\POSUNO.Shared\POSUNO.Shared.shproj", "{6279C845-92F8-4333-AB99-3D213163593C}"
EndProject
Project("{2150E333-8FDC-42A3-9474-1A3956D46DE8}") = "Platforms", "Platforms", "{BF71C72A-A913-43F1-8B46-6413D6899107}"
EndProject
Project("{FAE04EC0-301F-11D3-BF4B-00C04F79EFBC}") = "POSUNO.Droid", "POSUNO\POSUNO.Droid\POSUNO.Droid.csproj", "{6C2E75BC-98A0-42F4-AD8C-8E526E87C227}"
EndProject
Project("{FAE04EC0-301F-11D3-BF4B-00C04F79EFBC}") = "POSUNO.iOS", "POSUNO\POSUNO.iOS\POSUNO.iOS.csproj", "{4975372C-7037-453C-A2AC-5DCC1F92E38E}"
EndProject
Project("{FAE04EC0-301F-11D3-BF4B-00C04F79EFBC}") = "POSUNO.UWP", "POSUNO\POSUNO.UWP\POSUNO.UWP.csproj", "{03377BBC-79D3-41C4-BAF4-A1ADC43B8CE8}"
EndProject
Project("{9A19103F-16F7-4668-BE54-9A1E7A4F7556}") = "POSUNO.Wasm", "POSUNO\POSUNO.Wasm\POSUNO.Wasm.csproj", "{60F7A6FB-F7AA-4D4D-8A62-EB88E1727E19}"
EndProject
Project("{FAE04EC0-301F-11D3-BF4B-00C04F79EFBC}") = "POSUNO.macOS", "POSUNO\POSUNO.macOS\POSUNO.macOS.csproj", "{59AF587F-F2F6-41A2-9AD3-4C2FF0F8949D}"
EndProject
Project("{9A19103F-16F7-4668-BE54-9A1E7A4F7556}") = "POSUNO.Skia.Wpf.Host", "POSUNO\POSUNO.Skia.Wpf.Host\POSUNO.Skia.Wpf.Host.csproj", "{75B32D00-D0E2-47DD-AF97-25FD8BBFB88E}"
EndProject
Project("{9A19103F-16F7-4668-BE54-9A1E7A4F7556}") = "POSUNO.Skia.Wpf", "POSUNO\POSUNO.Skia.Wpf\POSUNO.Skia.Wpf.csproj", "{7E881EB0-0E85-4A41-A3EF-EE9D1C98B798}"
EndProject
Project("{9A19103F-16F7-4668-BE54-9A1E7A4F7556}") = "POSUNO.Skia.Gtk", "POSUNO\POSUNO.Skia.Gtk\POSUNO.Skia.Gtk.csproj", "{BF062E24-0B30-4381-8A8F-F4785FD454F3}"
EndProject
Project("{9A19103F-16F7-4668-BE54-9A1E7A4F7556}") = "POSUNO.Skia.Tizen", "POSUNO\POSUNO.Skia.Tizen\POSUNO.Skia.Tizen.csproj", "{9EFD523B-4A48-42B1-A5C2-F5664C4CDA63}"
EndProject
Project("{9A19103F-16F7-4668-BE54-9A1E7A4F7556}") = "POSUNO.Api", "POSUNO.Api\POSUNO.Api.csproj", "{CA2738C2-2B63-4C59-8D83-A110E24970ED}"
EndProject
Global
	GlobalSection(SharedMSBuildProjectFiles) = preSolution
		POSUNO\POSUNO.Shared\POSUNO.Shared.projitems*{03377bbc-79d3-41c4-baf4-a1adc43b8ce8}*SharedItemsImports = 4
		POSUNO\POSUNO.Shared\POSUNO.Shared.projitems*{4975372c-7037-453c-a2ac-5dcc1f92e38e}*SharedItemsImports = 4
		POSUNO\POSUNO.Shared\POSUNO.Shared.projitems*{59af587f-f2f6-41a2-9ad3-4c2ff0f8949d}*SharedItemsImports = 4
		POSUNO\POSUNO.Shared\POSUNO.Shared.projitems*{60f7a6fb-f7aa-4d4d-8a62-eb88e1727e19}*SharedItemsImports = 5
		POSUNO\POSUNO.Shared\POSUNO.Shared.projitems*{6279c845-92f8-4333-ab99-3d213163593c}*SharedItemsImports = 13
		POSUNO\POSUNO.Shared\POSUNO.Shared.projitems*{6c2e75bc-98a0-42f4-ad8c-8e526e87c227}*SharedItemsImports = 4
		POSUNO\POSUNO.Shared\POSUNO.Shared.projitems*{7e881eb0-0e85-4a41-a3ef-ee9d1c98b798}*SharedItemsImports = 5
		POSUNO\POSUNO.Shared\POSUNO.Shared.projitems*{9efd523b-4a48-42b1-a5c2-f5664c4cda63}*SharedItemsImports = 5
		POSUNO\POSUNO.Shared\POSUNO.Shared.projitems*{bf062e24-0b30-4381-8a8f-f4785fd454f3}*SharedItemsImports = 5
	EndGlobalSection
	GlobalSection(SolutionConfigurationPlatforms) = preSolution
		Ad-Hoc|Any CPU = Ad-Hoc|Any CPU
		Ad-Hoc|ARM = Ad-Hoc|ARM
		Ad-Hoc|ARM64 = Ad-Hoc|ARM64
		Ad-Hoc|iPhone = Ad-Hoc|iPhone
		Ad-Hoc|iPhoneSimulator = Ad-Hoc|iPhoneSimulator
		Ad-Hoc|x64 = Ad-Hoc|x64
		Ad-Hoc|x86 = Ad-Hoc|x86
		AppStore|Any CPU = AppStore|Any CPU
		AppStore|ARM = AppStore|ARM
		AppStore|ARM64 = AppStore|ARM64
		AppStore|iPhone = AppStore|iPhone
		AppStore|iPhoneSimulator = AppStore|iPhoneSimulator
		AppStore|x64 = AppStore|x64
		AppStore|x86 = AppStore|x86
		Debug|Any CPU = Debug|Any CPU
		Debug|ARM = Debug|ARM
		Debug|ARM64 = Debug|ARM64
		Debug|iPhone = Debug|iPhone
		Debug|iPhoneSimulator = Debug|iPhoneSimulator
		Debug|x64 = Debug|x64
		Debug|x86 = Debug|x86
		Release|Any CPU = Release|Any CPU
		Release|ARM = Release|ARM
		Release|ARM64 = Release|ARM64
		Release|iPhone = Release|iPhone
		Release|iPhoneSimulator = Release|iPhoneSimulator
		Release|x64 = Release|x64
		Release|x86 = Release|x86
	EndGlobalSection
	GlobalSection(ProjectConfigurationPlatforms) = postSolution
		{6C2E75BC-98A0-42F4-AD8C-8E526E87C227}.Ad-Hoc|Any CPU.ActiveCfg = Debug|Any CPU
		{6C2E75BC-98A0-42F4-AD8C-8E526E87C227}.Ad-Hoc|Any CPU.Build.0 = Debug|Any CPU
		{6C2E75BC-98A0-42F4-AD8C-8E526E87C227}.Ad-Hoc|Any CPU.Deploy.0 = Debug|Any CPU
		{6C2E75BC-98A0-42F4-AD8C-8E526E87C227}.Ad-Hoc|ARM.ActiveCfg = Debug|Any CPU
		{6C2E75BC-98A0-42F4-AD8C-8E526E87C227}.Ad-Hoc|ARM.Build.0 = Debug|Any CPU
		{6C2E75BC-98A0-42F4-AD8C-8E526E87C227}.Ad-Hoc|ARM.Deploy.0 = Debug|Any CPU
		{6C2E75BC-98A0-42F4-AD8C-8E526E87C227}.Ad-Hoc|ARM64.ActiveCfg = Debug|Any CPU
		{6C2E75BC-98A0-42F4-AD8C-8E526E87C227}.Ad-Hoc|ARM64.Build.0 = Debug|Any CPU
		{6C2E75BC-98A0-42F4-AD8C-8E526E87C227}.Ad-Hoc|ARM64.Deploy.0 = Debug|Any CPU
		{6C2E75BC-98A0-42F4-AD8C-8E526E87C227}.Ad-Hoc|iPhone.ActiveCfg = Debug|Any CPU
		{6C2E75BC-98A0-42F4-AD8C-8E526E87C227}.Ad-Hoc|iPhone.Build.0 = Debug|Any CPU
		{6C2E75BC-98A0-42F4-AD8C-8E526E87C227}.Ad-Hoc|iPhone.Deploy.0 = Debug|Any CPU
		{6C2E75BC-98A0-42F4-AD8C-8E526E87C227}.Ad-Hoc|iPhoneSimulator.ActiveCfg = Debug|Any CPU
		{6C2E75BC-98A0-42F4-AD8C-8E526E87C227}.Ad-Hoc|iPhoneSimulator.Build.0 = Debug|Any CPU
		{6C2E75BC-98A0-42F4-AD8C-8E526E87C227}.Ad-Hoc|iPhoneSimulator.Deploy.0 = Debug|Any CPU
		{6C2E75BC-98A0-42F4-AD8C-8E526E87C227}.Ad-Hoc|x64.ActiveCfg = Debug|Any CPU
		{6C2E75BC-98A0-42F4-AD8C-8E526E87C227}.Ad-Hoc|x64.Build.0 = Debug|Any CPU
		{6C2E75BC-98A0-42F4-AD8C-8E526E87C227}.Ad-Hoc|x64.Deploy.0 = Debug|Any CPU
		{6C2E75BC-98A0-42F4-AD8C-8E526E87C227}.Ad-Hoc|x86.ActiveCfg = Debug|Any CPU
		{6C2E75BC-98A0-42F4-AD8C-8E526E87C227}.Ad-Hoc|x86.Build.0 = Debug|Any CPU
		{6C2E75BC-98A0-42F4-AD8C-8E526E87C227}.Ad-Hoc|x86.Deploy.0 = Debug|Any CPU
		{6C2E75BC-98A0-42F4-AD8C-8E526E87C227}.AppStore|Any CPU.ActiveCfg = Debug|Any CPU
		{6C2E75BC-98A0-42F4-AD8C-8E526E87C227}.AppStore|Any CPU.Build.0 = Debug|Any CPU
		{6C2E75BC-98A0-42F4-AD8C-8E526E87C227}.AppStore|Any CPU.Deploy.0 = Debug|Any CPU
		{6C2E75BC-98A0-42F4-AD8C-8E526E87C227}.AppStore|ARM.ActiveCfg = Debug|Any CPU
		{6C2E75BC-98A0-42F4-AD8C-8E526E87C227}.AppStore|ARM.Build.0 = Debug|Any CPU
		{6C2E75BC-98A0-42F4-AD8C-8E526E87C227}.AppStore|ARM.Deploy.0 = Debug|Any CPU
		{6C2E75BC-98A0-42F4-AD8C-8E526E87C227}.AppStore|ARM64.ActiveCfg = Debug|Any CPU
		{6C2E75BC-98A0-42F4-AD8C-8E526E87C227}.AppStore|ARM64.Build.0 = Debug|Any CPU
		{6C2E75BC-98A0-42F4-AD8C-8E526E87C227}.AppStore|ARM64.Deploy.0 = Debug|Any CPU
		{6C2E75BC-98A0-42F4-AD8C-8E526E87C227}.AppStore|iPhone.ActiveCfg = Debug|Any CPU
		{6C2E75BC-98A0-42F4-AD8C-8E526E87C227}.AppStore|iPhone.Build.0 = Debug|Any CPU
		{6C2E75BC-98A0-42F4-AD8C-8E526E87C227}.AppStore|iPhone.Deploy.0 = Debug|Any CPU
		{6C2E75BC-98A0-42F4-AD8C-8E526E87C227}.AppStore|iPhoneSimulator.ActiveCfg = Debug|Any CPU
		{6C2E75BC-98A0-42F4-AD8C-8E526E87C227}.AppStore|iPhoneSimulator.Build.0 = Debug|Any CPU
		{6C2E75BC-98A0-42F4-AD8C-8E526E87C227}.AppStore|iPhoneSimulator.Deploy.0 = Debug|Any CPU
		{6C2E75BC-98A0-42F4-AD8C-8E526E87C227}.AppStore|x64.ActiveCfg = Debug|Any CPU
		{6C2E75BC-98A0-42F4-AD8C-8E526E87C227}.AppStore|x64.Build.0 = Debug|Any CPU
		{6C2E75BC-98A0-42F4-AD8C-8E526E87C227}.AppStore|x64.Deploy.0 = Debug|Any CPU
		{6C2E75BC-98A0-42F4-AD8C-8E526E87C227}.AppStore|x86.ActiveCfg = Debug|Any CPU
		{6C2E75BC-98A0-42F4-AD8C-8E526E87C227}.AppStore|x86.Build.0 = Debug|Any CPU
		{6C2E75BC-98A0-42F4-AD8C-8E526E87C227}.AppStore|x86.Deploy.0 = Debug|Any CPU
		{6C2E75BC-98A0-42F4-AD8C-8E526E87C227}.Debug|Any CPU.ActiveCfg = Debug|Any CPU
		{6C2E75BC-98A0-42F4-AD8C-8E526E87C227}.Debug|ARM.ActiveCfg = Debug|Any CPU
		{6C2E75BC-98A0-42F4-AD8C-8E526E87C227}.Debug|ARM.Build.0 = Debug|Any CPU
		{6C2E75BC-98A0-42F4-AD8C-8E526E87C227}.Debug|ARM.Deploy.0 = Debug|Any CPU
		{6C2E75BC-98A0-42F4-AD8C-8E526E87C227}.Debug|ARM64.ActiveCfg = Debug|Any CPU
		{6C2E75BC-98A0-42F4-AD8C-8E526E87C227}.Debug|ARM64.Build.0 = Debug|Any CPU
		{6C2E75BC-98A0-42F4-AD8C-8E526E87C227}.Debug|ARM64.Deploy.0 = Debug|Any CPU
		{6C2E75BC-98A0-42F4-AD8C-8E526E87C227}.Debug|iPhone.ActiveCfg = Debug|Any CPU
		{6C2E75BC-98A0-42F4-AD8C-8E526E87C227}.Debug|iPhone.Build.0 = Debug|Any CPU
		{6C2E75BC-98A0-42F4-AD8C-8E526E87C227}.Debug|iPhone.Deploy.0 = Debug|Any CPU
		{6C2E75BC-98A0-42F4-AD8C-8E526E87C227}.Debug|iPhoneSimulator.ActiveCfg = Debug|Any CPU
		{6C2E75BC-98A0-42F4-AD8C-8E526E87C227}.Debug|iPhoneSimulator.Build.0 = Debug|Any CPU
		{6C2E75BC-98A0-42F4-AD8C-8E526E87C227}.Debug|iPhoneSimulator.Deploy.0 = Debug|Any CPU
		{6C2E75BC-98A0-42F4-AD8C-8E526E87C227}.Debug|x64.ActiveCfg = Debug|Any CPU
		{6C2E75BC-98A0-42F4-AD8C-8E526E87C227}.Debug|x64.Build.0 = Debug|Any CPU
		{6C2E75BC-98A0-42F4-AD8C-8E526E87C227}.Debug|x64.Deploy.0 = Debug|Any CPU
		{6C2E75BC-98A0-42F4-AD8C-8E526E87C227}.Debug|x86.ActiveCfg = Debug|Any CPU
		{6C2E75BC-98A0-42F4-AD8C-8E526E87C227}.Debug|x86.Build.0 = Debug|Any CPU
		{6C2E75BC-98A0-42F4-AD8C-8E526E87C227}.Debug|x86.Deploy.0 = Debug|Any CPU
		{6C2E75BC-98A0-42F4-AD8C-8E526E87C227}.Release|Any CPU.ActiveCfg = Release|Any CPU
		{6C2E75BC-98A0-42F4-AD8C-8E526E87C227}.Release|Any CPU.Build.0 = Release|Any CPU
		{6C2E75BC-98A0-42F4-AD8C-8E526E87C227}.Release|Any CPU.Deploy.0 = Release|Any CPU
		{6C2E75BC-98A0-42F4-AD8C-8E526E87C227}.Release|ARM.ActiveCfg = Release|Any CPU
		{6C2E75BC-98A0-42F4-AD8C-8E526E87C227}.Release|ARM.Build.0 = Release|Any CPU
		{6C2E75BC-98A0-42F4-AD8C-8E526E87C227}.Release|ARM.Deploy.0 = Release|Any CPU
		{6C2E75BC-98A0-42F4-AD8C-8E526E87C227}.Release|ARM64.ActiveCfg = Release|Any CPU
		{6C2E75BC-98A0-42F4-AD8C-8E526E87C227}.Release|ARM64.Build.0 = Release|Any CPU
		{6C2E75BC-98A0-42F4-AD8C-8E526E87C227}.Release|ARM64.Deploy.0 = Release|Any CPU
		{6C2E75BC-98A0-42F4-AD8C-8E526E87C227}.Release|iPhone.ActiveCfg = Release|Any CPU
		{6C2E75BC-98A0-42F4-AD8C-8E526E87C227}.Release|iPhone.Build.0 = Release|Any CPU
		{6C2E75BC-98A0-42F4-AD8C-8E526E87C227}.Release|iPhone.Deploy.0 = Release|Any CPU
		{6C2E75BC-98A0-42F4-AD8C-8E526E87C227}.Release|iPhoneSimulator.ActiveCfg = Release|Any CPU
		{6C2E75BC-98A0-42F4-AD8C-8E526E87C227}.Release|iPhoneSimulator.Build.0 = Release|Any CPU
		{6C2E75BC-98A0-42F4-AD8C-8E526E87C227}.Release|iPhoneSimulator.Deploy.0 = Release|Any CPU
		{6C2E75BC-98A0-42F4-AD8C-8E526E87C227}.Release|x64.ActiveCfg = Release|Any CPU
		{6C2E75BC-98A0-42F4-AD8C-8E526E87C227}.Release|x64.Build.0 = Release|Any CPU
		{6C2E75BC-98A0-42F4-AD8C-8E526E87C227}.Release|x64.Deploy.0 = Release|Any CPU
		{6C2E75BC-98A0-42F4-AD8C-8E526E87C227}.Release|x86.ActiveCfg = Release|Any CPU
		{6C2E75BC-98A0-42F4-AD8C-8E526E87C227}.Release|x86.Build.0 = Release|Any CPU
		{6C2E75BC-98A0-42F4-AD8C-8E526E87C227}.Release|x86.Deploy.0 = Release|Any CPU
		{4975372C-7037-453C-A2AC-5DCC1F92E38E}.Ad-Hoc|Any CPU.ActiveCfg = Ad-Hoc|iPhoneSimulator
		{4975372C-7037-453C-A2AC-5DCC1F92E38E}.Ad-Hoc|ARM.ActiveCfg = Ad-Hoc|iPhoneSimulator
		{4975372C-7037-453C-A2AC-5DCC1F92E38E}.Ad-Hoc|ARM64.ActiveCfg = Ad-Hoc|iPhoneSimulator
		{4975372C-7037-453C-A2AC-5DCC1F92E38E}.Ad-Hoc|iPhone.ActiveCfg = Ad-Hoc|iPhone
		{4975372C-7037-453C-A2AC-5DCC1F92E38E}.Ad-Hoc|iPhone.Build.0 = Ad-Hoc|iPhone
		{4975372C-7037-453C-A2AC-5DCC1F92E38E}.Ad-Hoc|iPhoneSimulator.ActiveCfg = Ad-Hoc|iPhoneSimulator
		{4975372C-7037-453C-A2AC-5DCC1F92E38E}.Ad-Hoc|iPhoneSimulator.Build.0 = Ad-Hoc|iPhoneSimulator
		{4975372C-7037-453C-A2AC-5DCC1F92E38E}.Ad-Hoc|x64.ActiveCfg = Ad-Hoc|iPhoneSimulator
		{4975372C-7037-453C-A2AC-5DCC1F92E38E}.Ad-Hoc|x86.ActiveCfg = Ad-Hoc|iPhoneSimulator
		{4975372C-7037-453C-A2AC-5DCC1F92E38E}.AppStore|Any CPU.ActiveCfg = AppStore|iPhoneSimulator
		{4975372C-7037-453C-A2AC-5DCC1F92E38E}.AppStore|ARM.ActiveCfg = AppStore|iPhoneSimulator
		{4975372C-7037-453C-A2AC-5DCC1F92E38E}.AppStore|ARM64.ActiveCfg = AppStore|iPhoneSimulator
		{4975372C-7037-453C-A2AC-5DCC1F92E38E}.AppStore|iPhone.ActiveCfg = AppStore|iPhone
		{4975372C-7037-453C-A2AC-5DCC1F92E38E}.AppStore|iPhone.Build.0 = AppStore|iPhone
		{4975372C-7037-453C-A2AC-5DCC1F92E38E}.AppStore|iPhoneSimulator.ActiveCfg = AppStore|iPhoneSimulator
		{4975372C-7037-453C-A2AC-5DCC1F92E38E}.AppStore|iPhoneSimulator.Build.0 = AppStore|iPhoneSimulator
		{4975372C-7037-453C-A2AC-5DCC1F92E38E}.AppStore|x64.ActiveCfg = AppStore|iPhoneSimulator
		{4975372C-7037-453C-A2AC-5DCC1F92E38E}.AppStore|x86.ActiveCfg = AppStore|iPhoneSimulator
		{4975372C-7037-453C-A2AC-5DCC1F92E38E}.Debug|Any CPU.ActiveCfg = Debug|iPhoneSimulator
		{4975372C-7037-453C-A2AC-5DCC1F92E38E}.Debug|ARM.ActiveCfg = Debug|iPhoneSimulator
		{4975372C-7037-453C-A2AC-5DCC1F92E38E}.Debug|ARM64.ActiveCfg = Debug|iPhoneSimulator
		{4975372C-7037-453C-A2AC-5DCC1F92E38E}.Debug|iPhone.ActiveCfg = Debug|iPhone
		{4975372C-7037-453C-A2AC-5DCC1F92E38E}.Debug|iPhone.Build.0 = Debug|iPhone
		{4975372C-7037-453C-A2AC-5DCC1F92E38E}.Debug|iPhoneSimulator.ActiveCfg = Debug|iPhoneSimulator
		{4975372C-7037-453C-A2AC-5DCC1F92E38E}.Debug|iPhoneSimulator.Build.0 = Debug|iPhoneSimulator
		{4975372C-7037-453C-A2AC-5DCC1F92E38E}.Debug|x64.ActiveCfg = Debug|iPhoneSimulator
		{4975372C-7037-453C-A2AC-5DCC1F92E38E}.Debug|x86.ActiveCfg = Debug|iPhoneSimulator
		{4975372C-7037-453C-A2AC-5DCC1F92E38E}.Release|Any CPU.ActiveCfg = Release|iPhoneSimulator
		{4975372C-7037-453C-A2AC-5DCC1F92E38E}.Release|ARM.ActiveCfg = Release|iPhoneSimulator
		{4975372C-7037-453C-A2AC-5DCC1F92E38E}.Release|ARM64.ActiveCfg = Release|iPhoneSimulator
		{4975372C-7037-453C-A2AC-5DCC1F92E38E}.Release|iPhone.ActiveCfg = Release|iPhone
		{4975372C-7037-453C-A2AC-5DCC1F92E38E}.Release|iPhone.Build.0 = Release|iPhone
		{4975372C-7037-453C-A2AC-5DCC1F92E38E}.Release|iPhoneSimulator.ActiveCfg = Release|iPhoneSimulator
		{4975372C-7037-453C-A2AC-5DCC1F92E38E}.Release|iPhoneSimulator.Build.0 = Release|iPhoneSimulator
		{4975372C-7037-453C-A2AC-5DCC1F92E38E}.Release|x64.ActiveCfg = Release|iPhoneSimulator
		{4975372C-7037-453C-A2AC-5DCC1F92E38E}.Release|x86.ActiveCfg = Release|iPhoneSimulator
		{03377BBC-79D3-41C4-BAF4-A1ADC43B8CE8}.Ad-Hoc|Any CPU.ActiveCfg = Debug|x86
		{03377BBC-79D3-41C4-BAF4-A1ADC43B8CE8}.Ad-Hoc|Any CPU.Build.0 = Debug|x86
		{03377BBC-79D3-41C4-BAF4-A1ADC43B8CE8}.Ad-Hoc|Any CPU.Deploy.0 = Debug|x86
		{03377BBC-79D3-41C4-BAF4-A1ADC43B8CE8}.Ad-Hoc|ARM.ActiveCfg = Debug|ARM
		{03377BBC-79D3-41C4-BAF4-A1ADC43B8CE8}.Ad-Hoc|ARM.Build.0 = Debug|ARM
		{03377BBC-79D3-41C4-BAF4-A1ADC43B8CE8}.Ad-Hoc|ARM.Deploy.0 = Debug|ARM
		{03377BBC-79D3-41C4-BAF4-A1ADC43B8CE8}.Ad-Hoc|ARM64.ActiveCfg = Debug|ARM64
		{03377BBC-79D3-41C4-BAF4-A1ADC43B8CE8}.Ad-Hoc|ARM64.Build.0 = Debug|ARM64
		{03377BBC-79D3-41C4-BAF4-A1ADC43B8CE8}.Ad-Hoc|ARM64.Deploy.0 = Debug|ARM64
		{03377BBC-79D3-41C4-BAF4-A1ADC43B8CE8}.Ad-Hoc|iPhone.ActiveCfg = Debug|x86
		{03377BBC-79D3-41C4-BAF4-A1ADC43B8CE8}.Ad-Hoc|iPhone.Build.0 = Debug|x86
		{03377BBC-79D3-41C4-BAF4-A1ADC43B8CE8}.Ad-Hoc|iPhone.Deploy.0 = Debug|x86
		{03377BBC-79D3-41C4-BAF4-A1ADC43B8CE8}.Ad-Hoc|iPhoneSimulator.ActiveCfg = Debug|x86
		{03377BBC-79D3-41C4-BAF4-A1ADC43B8CE8}.Ad-Hoc|iPhoneSimulator.Build.0 = Debug|x86
		{03377BBC-79D3-41C4-BAF4-A1ADC43B8CE8}.Ad-Hoc|iPhoneSimulator.Deploy.0 = Debug|x86
		{03377BBC-79D3-41C4-BAF4-A1ADC43B8CE8}.Ad-Hoc|x64.ActiveCfg = Debug|x64
		{03377BBC-79D3-41C4-BAF4-A1ADC43B8CE8}.Ad-Hoc|x64.Build.0 = Debug|x64
		{03377BBC-79D3-41C4-BAF4-A1ADC43B8CE8}.Ad-Hoc|x64.Deploy.0 = Debug|x64
		{03377BBC-79D3-41C4-BAF4-A1ADC43B8CE8}.Ad-Hoc|x86.ActiveCfg = Debug|x86
		{03377BBC-79D3-41C4-BAF4-A1ADC43B8CE8}.Ad-Hoc|x86.Build.0 = Debug|x86
		{03377BBC-79D3-41C4-BAF4-A1ADC43B8CE8}.Ad-Hoc|x86.Deploy.0 = Debug|x86
		{03377BBC-79D3-41C4-BAF4-A1ADC43B8CE8}.AppStore|Any CPU.ActiveCfg = Debug|x86
		{03377BBC-79D3-41C4-BAF4-A1ADC43B8CE8}.AppStore|Any CPU.Build.0 = Debug|x86
		{03377BBC-79D3-41C4-BAF4-A1ADC43B8CE8}.AppStore|Any CPU.Deploy.0 = Debug|x86
		{03377BBC-79D3-41C4-BAF4-A1ADC43B8CE8}.AppStore|ARM.ActiveCfg = Debug|ARM
		{03377BBC-79D3-41C4-BAF4-A1ADC43B8CE8}.AppStore|ARM.Build.0 = Debug|ARM
		{03377BBC-79D3-41C4-BAF4-A1ADC43B8CE8}.AppStore|ARM.Deploy.0 = Debug|ARM
		{03377BBC-79D3-41C4-BAF4-A1ADC43B8CE8}.AppStore|ARM64.ActiveCfg = Debug|ARM64
		{03377BBC-79D3-41C4-BAF4-A1ADC43B8CE8}.AppStore|ARM64.Build.0 = Debug|ARM64
		{03377BBC-79D3-41C4-BAF4-A1ADC43B8CE8}.AppStore|ARM64.Deploy.0 = Debug|ARM64
		{03377BBC-79D3-41C4-BAF4-A1ADC43B8CE8}.AppStore|iPhone.ActiveCfg = Debug|x86
		{03377BBC-79D3-41C4-BAF4-A1ADC43B8CE8}.AppStore|iPhone.Build.0 = Debug|x86
		{03377BBC-79D3-41C4-BAF4-A1ADC43B8CE8}.AppStore|iPhone.Deploy.0 = Debug|x86
		{03377BBC-79D3-41C4-BAF4-A1ADC43B8CE8}.AppStore|iPhoneSimulator.ActiveCfg = Debug|x86
		{03377BBC-79D3-41C4-BAF4-A1ADC43B8CE8}.AppStore|iPhoneSimulator.Build.0 = Debug|x86
		{03377BBC-79D3-41C4-BAF4-A1ADC43B8CE8}.AppStore|iPhoneSimulator.Deploy.0 = Debug|x86
		{03377BBC-79D3-41C4-BAF4-A1ADC43B8CE8}.AppStore|x64.ActiveCfg = Debug|x64
		{03377BBC-79D3-41C4-BAF4-A1ADC43B8CE8}.AppStore|x64.Build.0 = Debug|x64
		{03377BBC-79D3-41C4-BAF4-A1ADC43B8CE8}.AppStore|x64.Deploy.0 = Debug|x64
		{03377BBC-79D3-41C4-BAF4-A1ADC43B8CE8}.AppStore|x86.ActiveCfg = Debug|x86
		{03377BBC-79D3-41C4-BAF4-A1ADC43B8CE8}.AppStore|x86.Build.0 = Debug|x86
		{03377BBC-79D3-41C4-BAF4-A1ADC43B8CE8}.AppStore|x86.Deploy.0 = Debug|x86
		{03377BBC-79D3-41C4-BAF4-A1ADC43B8CE8}.Debug|Any CPU.ActiveCfg = Debug|x86
		{03377BBC-79D3-41C4-BAF4-A1ADC43B8CE8}.Debug|ARM.ActiveCfg = Debug|ARM
		{03377BBC-79D3-41C4-BAF4-A1ADC43B8CE8}.Debug|ARM.Build.0 = Debug|ARM
		{03377BBC-79D3-41C4-BAF4-A1ADC43B8CE8}.Debug|ARM.Deploy.0 = Debug|ARM
		{03377BBC-79D3-41C4-BAF4-A1ADC43B8CE8}.Debug|ARM64.ActiveCfg = Debug|ARM64
		{03377BBC-79D3-41C4-BAF4-A1ADC43B8CE8}.Debug|ARM64.Build.0 = Debug|ARM64
		{03377BBC-79D3-41C4-BAF4-A1ADC43B8CE8}.Debug|ARM64.Deploy.0 = Debug|ARM64
		{03377BBC-79D3-41C4-BAF4-A1ADC43B8CE8}.Debug|iPhone.ActiveCfg = Debug|x86
		{03377BBC-79D3-41C4-BAF4-A1ADC43B8CE8}.Debug|iPhoneSimulator.ActiveCfg = Debug|x86
		{03377BBC-79D3-41C4-BAF4-A1ADC43B8CE8}.Debug|x64.ActiveCfg = Debug|x64
		{03377BBC-79D3-41C4-BAF4-A1ADC43B8CE8}.Debug|x64.Build.0 = Debug|x64
		{03377BBC-79D3-41C4-BAF4-A1ADC43B8CE8}.Debug|x64.Deploy.0 = Debug|x64
		{03377BBC-79D3-41C4-BAF4-A1ADC43B8CE8}.Debug|x86.ActiveCfg = Debug|x86
		{03377BBC-79D3-41C4-BAF4-A1ADC43B8CE8}.Debug|x86.Build.0 = Debug|x86
		{03377BBC-79D3-41C4-BAF4-A1ADC43B8CE8}.Debug|x86.Deploy.0 = Debug|x86
		{03377BBC-79D3-41C4-BAF4-A1ADC43B8CE8}.Release|Any CPU.ActiveCfg = Release|x86
		{03377BBC-79D3-41C4-BAF4-A1ADC43B8CE8}.Release|ARM.ActiveCfg = Release|ARM
		{03377BBC-79D3-41C4-BAF4-A1ADC43B8CE8}.Release|ARM.Build.0 = Release|ARM
		{03377BBC-79D3-41C4-BAF4-A1ADC43B8CE8}.Release|ARM.Deploy.0 = Release|ARM
		{03377BBC-79D3-41C4-BAF4-A1ADC43B8CE8}.Release|ARM64.ActiveCfg = Release|ARM64
		{03377BBC-79D3-41C4-BAF4-A1ADC43B8CE8}.Release|ARM64.Build.0 = Release|ARM64
		{03377BBC-79D3-41C4-BAF4-A1ADC43B8CE8}.Release|ARM64.Deploy.0 = Release|ARM64
		{03377BBC-79D3-41C4-BAF4-A1ADC43B8CE8}.Release|iPhone.ActiveCfg = Release|x86
		{03377BBC-79D3-41C4-BAF4-A1ADC43B8CE8}.Release|iPhoneSimulator.ActiveCfg = Release|x86
		{03377BBC-79D3-41C4-BAF4-A1ADC43B8CE8}.Release|x64.ActiveCfg = Release|x64
		{03377BBC-79D3-41C4-BAF4-A1ADC43B8CE8}.Release|x64.Build.0 = Release|x64
		{03377BBC-79D3-41C4-BAF4-A1ADC43B8CE8}.Release|x64.Deploy.0 = Release|x64
		{03377BBC-79D3-41C4-BAF4-A1ADC43B8CE8}.Release|x86.ActiveCfg = Release|x86
		{03377BBC-79D3-41C4-BAF4-A1ADC43B8CE8}.Release|x86.Build.0 = Release|x86
		{03377BBC-79D3-41C4-BAF4-A1ADC43B8CE8}.Release|x86.Deploy.0 = Release|x86
		{60F7A6FB-F7AA-4D4D-8A62-EB88E1727E19}.Ad-Hoc|Any CPU.ActiveCfg = Debug|Any CPU
		{60F7A6FB-F7AA-4D4D-8A62-EB88E1727E19}.Ad-Hoc|Any CPU.Build.0 = Debug|Any CPU
		{60F7A6FB-F7AA-4D4D-8A62-EB88E1727E19}.Ad-Hoc|ARM.ActiveCfg = Debug|Any CPU
		{60F7A6FB-F7AA-4D4D-8A62-EB88E1727E19}.Ad-Hoc|ARM.Build.0 = Debug|Any CPU
		{60F7A6FB-F7AA-4D4D-8A62-EB88E1727E19}.Ad-Hoc|ARM64.ActiveCfg = Debug|Any CPU
		{60F7A6FB-F7AA-4D4D-8A62-EB88E1727E19}.Ad-Hoc|ARM64.Build.0 = Debug|Any CPU
		{60F7A6FB-F7AA-4D4D-8A62-EB88E1727E19}.Ad-Hoc|iPhone.ActiveCfg = Debug|Any CPU
		{60F7A6FB-F7AA-4D4D-8A62-EB88E1727E19}.Ad-Hoc|iPhone.Build.0 = Debug|Any CPU
		{60F7A6FB-F7AA-4D4D-8A62-EB88E1727E19}.Ad-Hoc|iPhoneSimulator.ActiveCfg = Debug|Any CPU
		{60F7A6FB-F7AA-4D4D-8A62-EB88E1727E19}.Ad-Hoc|iPhoneSimulator.Build.0 = Debug|Any CPU
		{60F7A6FB-F7AA-4D4D-8A62-EB88E1727E19}.Ad-Hoc|x64.ActiveCfg = Debug|Any CPU
		{60F7A6FB-F7AA-4D4D-8A62-EB88E1727E19}.Ad-Hoc|x64.Build.0 = Debug|Any CPU
		{60F7A6FB-F7AA-4D4D-8A62-EB88E1727E19}.Ad-Hoc|x86.ActiveCfg = Debug|Any CPU
		{60F7A6FB-F7AA-4D4D-8A62-EB88E1727E19}.Ad-Hoc|x86.Build.0 = Debug|Any CPU
		{60F7A6FB-F7AA-4D4D-8A62-EB88E1727E19}.AppStore|Any CPU.ActiveCfg = Debug|Any CPU
		{60F7A6FB-F7AA-4D4D-8A62-EB88E1727E19}.AppStore|Any CPU.Build.0 = Debug|Any CPU
		{60F7A6FB-F7AA-4D4D-8A62-EB88E1727E19}.AppStore|ARM.ActiveCfg = Debug|Any CPU
		{60F7A6FB-F7AA-4D4D-8A62-EB88E1727E19}.AppStore|ARM.Build.0 = Debug|Any CPU
		{60F7A6FB-F7AA-4D4D-8A62-EB88E1727E19}.AppStore|ARM64.ActiveCfg = Debug|Any CPU
		{60F7A6FB-F7AA-4D4D-8A62-EB88E1727E19}.AppStore|ARM64.Build.0 = Debug|Any CPU
		{60F7A6FB-F7AA-4D4D-8A62-EB88E1727E19}.AppStore|iPhone.ActiveCfg = Debug|Any CPU
		{60F7A6FB-F7AA-4D4D-8A62-EB88E1727E19}.AppStore|iPhone.Build.0 = Debug|Any CPU
		{60F7A6FB-F7AA-4D4D-8A62-EB88E1727E19}.AppStore|iPhoneSimulator.ActiveCfg = Debug|Any CPU
		{60F7A6FB-F7AA-4D4D-8A62-EB88E1727E19}.AppStore|iPhoneSimulator.Build.0 = Debug|Any CPU
		{60F7A6FB-F7AA-4D4D-8A62-EB88E1727E19}.AppStore|x64.ActiveCfg = Debug|Any CPU
		{60F7A6FB-F7AA-4D4D-8A62-EB88E1727E19}.AppStore|x64.Build.0 = Debug|Any CPU
		{60F7A6FB-F7AA-4D4D-8A62-EB88E1727E19}.AppStore|x86.ActiveCfg = Debug|Any CPU
		{60F7A6FB-F7AA-4D4D-8A62-EB88E1727E19}.AppStore|x86.Build.0 = Debug|Any CPU
		{60F7A6FB-F7AA-4D4D-8A62-EB88E1727E19}.Debug|Any CPU.ActiveCfg = Debug|Any CPU
		{60F7A6FB-F7AA-4D4D-8A62-EB88E1727E19}.Debug|ARM.ActiveCfg = Debug|Any CPU
		{60F7A6FB-F7AA-4D4D-8A62-EB88E1727E19}.Debug|ARM.Build.0 = Debug|Any CPU
		{60F7A6FB-F7AA-4D4D-8A62-EB88E1727E19}.Debug|ARM64.ActiveCfg = Debug|Any CPU
		{60F7A6FB-F7AA-4D4D-8A62-EB88E1727E19}.Debug|ARM64.Build.0 = Debug|Any CPU
		{60F7A6FB-F7AA-4D4D-8A62-EB88E1727E19}.Debug|iPhone.ActiveCfg = Debug|Any CPU
		{60F7A6FB-F7AA-4D4D-8A62-EB88E1727E19}.Debug|iPhone.Build.0 = Debug|Any CPU
		{60F7A6FB-F7AA-4D4D-8A62-EB88E1727E19}.Debug|iPhoneSimulator.ActiveCfg = Debug|Any CPU
		{60F7A6FB-F7AA-4D4D-8A62-EB88E1727E19}.Debug|iPhoneSimulator.Build.0 = Debug|Any CPU
		{60F7A6FB-F7AA-4D4D-8A62-EB88E1727E19}.Debug|x64.ActiveCfg = Debug|Any CPU
		{60F7A6FB-F7AA-4D4D-8A62-EB88E1727E19}.Debug|x64.Build.0 = Debug|Any CPU
		{60F7A6FB-F7AA-4D4D-8A62-EB88E1727E19}.Debug|x86.ActiveCfg = Debug|Any CPU
		{60F7A6FB-F7AA-4D4D-8A62-EB88E1727E19}.Debug|x86.Build.0 = Debug|Any CPU
		{60F7A6FB-F7AA-4D4D-8A62-EB88E1727E19}.Release|Any CPU.ActiveCfg = Release|Any CPU
		{60F7A6FB-F7AA-4D4D-8A62-EB88E1727E19}.Release|Any CPU.Build.0 = Release|Any CPU
		{60F7A6FB-F7AA-4D4D-8A62-EB88E1727E19}.Release|ARM.ActiveCfg = Release|Any CPU
		{60F7A6FB-F7AA-4D4D-8A62-EB88E1727E19}.Release|ARM.Build.0 = Release|Any CPU
		{60F7A6FB-F7AA-4D4D-8A62-EB88E1727E19}.Release|ARM64.ActiveCfg = Release|Any CPU
		{60F7A6FB-F7AA-4D4D-8A62-EB88E1727E19}.Release|ARM64.Build.0 = Release|Any CPU
		{60F7A6FB-F7AA-4D4D-8A62-EB88E1727E19}.Release|iPhone.ActiveCfg = Release|Any CPU
		{60F7A6FB-F7AA-4D4D-8A62-EB88E1727E19}.Release|iPhone.Build.0 = Release|Any CPU
		{60F7A6FB-F7AA-4D4D-8A62-EB88E1727E19}.Release|iPhoneSimulator.ActiveCfg = Release|Any CPU
		{60F7A6FB-F7AA-4D4D-8A62-EB88E1727E19}.Release|iPhoneSimulator.Build.0 = Release|Any CPU
		{60F7A6FB-F7AA-4D4D-8A62-EB88E1727E19}.Release|x64.ActiveCfg = Release|Any CPU
		{60F7A6FB-F7AA-4D4D-8A62-EB88E1727E19}.Release|x64.Build.0 = Release|Any CPU
		{60F7A6FB-F7AA-4D4D-8A62-EB88E1727E19}.Release|x86.ActiveCfg = Release|Any CPU
		{60F7A6FB-F7AA-4D4D-8A62-EB88E1727E19}.Release|x86.Build.0 = Release|Any CPU
		{59AF587F-F2F6-41A2-9AD3-4C2FF0F8949D}.Ad-Hoc|Any CPU.ActiveCfg = Debug|iPhoneSimulator
		{59AF587F-F2F6-41A2-9AD3-4C2FF0F8949D}.Ad-Hoc|Any CPU.Build.0 = Debug|iPhoneSimulator
		{59AF587F-F2F6-41A2-9AD3-4C2FF0F8949D}.Ad-Hoc|ARM.ActiveCfg = Debug|iPhoneSimulator
		{59AF587F-F2F6-41A2-9AD3-4C2FF0F8949D}.Ad-Hoc|ARM.Build.0 = Debug|iPhoneSimulator
		{59AF587F-F2F6-41A2-9AD3-4C2FF0F8949D}.Ad-Hoc|ARM64.ActiveCfg = Debug|iPhoneSimulator
		{59AF587F-F2F6-41A2-9AD3-4C2FF0F8949D}.Ad-Hoc|ARM64.Build.0 = Debug|iPhoneSimulator
		{59AF587F-F2F6-41A2-9AD3-4C2FF0F8949D}.Ad-Hoc|iPhone.ActiveCfg = Debug|iPhoneSimulator
		{59AF587F-F2F6-41A2-9AD3-4C2FF0F8949D}.Ad-Hoc|iPhone.Build.0 = Debug|iPhoneSimulator
		{59AF587F-F2F6-41A2-9AD3-4C2FF0F8949D}.Ad-Hoc|iPhoneSimulator.ActiveCfg = Debug|iPhoneSimulator
		{59AF587F-F2F6-41A2-9AD3-4C2FF0F8949D}.Ad-Hoc|iPhoneSimulator.Build.0 = Debug|iPhoneSimulator
		{59AF587F-F2F6-41A2-9AD3-4C2FF0F8949D}.Ad-Hoc|x64.ActiveCfg = Debug|iPhoneSimulator
		{59AF587F-F2F6-41A2-9AD3-4C2FF0F8949D}.Ad-Hoc|x64.Build.0 = Debug|iPhoneSimulator
		{59AF587F-F2F6-41A2-9AD3-4C2FF0F8949D}.Ad-Hoc|x86.ActiveCfg = Debug|iPhoneSimulator
		{59AF587F-F2F6-41A2-9AD3-4C2FF0F8949D}.Ad-Hoc|x86.Build.0 = Debug|iPhoneSimulator
		{59AF587F-F2F6-41A2-9AD3-4C2FF0F8949D}.AppStore|Any CPU.ActiveCfg = Debug|iPhoneSimulator
		{59AF587F-F2F6-41A2-9AD3-4C2FF0F8949D}.AppStore|Any CPU.Build.0 = Debug|iPhoneSimulator
		{59AF587F-F2F6-41A2-9AD3-4C2FF0F8949D}.AppStore|ARM.ActiveCfg = Debug|iPhoneSimulator
		{59AF587F-F2F6-41A2-9AD3-4C2FF0F8949D}.AppStore|ARM.Build.0 = Debug|iPhoneSimulator
		{59AF587F-F2F6-41A2-9AD3-4C2FF0F8949D}.AppStore|ARM64.ActiveCfg = Debug|iPhoneSimulator
		{59AF587F-F2F6-41A2-9AD3-4C2FF0F8949D}.AppStore|ARM64.Build.0 = Debug|iPhoneSimulator
		{59AF587F-F2F6-41A2-9AD3-4C2FF0F8949D}.AppStore|iPhone.ActiveCfg = Debug|iPhoneSimulator
		{59AF587F-F2F6-41A2-9AD3-4C2FF0F8949D}.AppStore|iPhone.Build.0 = Debug|iPhoneSimulator
		{59AF587F-F2F6-41A2-9AD3-4C2FF0F8949D}.AppStore|iPhoneSimulator.ActiveCfg = Debug|iPhoneSimulator
		{59AF587F-F2F6-41A2-9AD3-4C2FF0F8949D}.AppStore|iPhoneSimulator.Build.0 = Debug|iPhoneSimulator
		{59AF587F-F2F6-41A2-9AD3-4C2FF0F8949D}.AppStore|x64.ActiveCfg = Debug|iPhoneSimulator
		{59AF587F-F2F6-41A2-9AD3-4C2FF0F8949D}.AppStore|x64.Build.0 = Debug|iPhoneSimulator
		{59AF587F-F2F6-41A2-9AD3-4C2FF0F8949D}.AppStore|x86.ActiveCfg = Debug|iPhoneSimulator
		{59AF587F-F2F6-41A2-9AD3-4C2FF0F8949D}.AppStore|x86.Build.0 = Debug|iPhoneSimulator
		{59AF587F-F2F6-41A2-9AD3-4C2FF0F8949D}.Debug|Any CPU.ActiveCfg = Debug|iPhoneSimulator
		{59AF587F-F2F6-41A2-9AD3-4C2FF0F8949D}.Debug|ARM.ActiveCfg = Debug|iPhoneSimulator
		{59AF587F-F2F6-41A2-9AD3-4C2FF0F8949D}.Debug|ARM64.ActiveCfg = Debug|iPhoneSimulator
		{59AF587F-F2F6-41A2-9AD3-4C2FF0F8949D}.Debug|iPhone.ActiveCfg = Debug|iPhoneSimulator
		{59AF587F-F2F6-41A2-9AD3-4C2FF0F8949D}.Debug|iPhoneSimulator.ActiveCfg = Debug|iPhoneSimulator
		{59AF587F-F2F6-41A2-9AD3-4C2FF0F8949D}.Debug|iPhoneSimulator.Build.0 = Debug|iPhoneSimulator
		{59AF587F-F2F6-41A2-9AD3-4C2FF0F8949D}.Debug|x64.ActiveCfg = Debug|iPhoneSimulator
		{59AF587F-F2F6-41A2-9AD3-4C2FF0F8949D}.Debug|x86.ActiveCfg = Debug|iPhoneSimulator
		{59AF587F-F2F6-41A2-9AD3-4C2FF0F8949D}.Release|Any CPU.ActiveCfg = Release|iPhoneSimulator
		{59AF587F-F2F6-41A2-9AD3-4C2FF0F8949D}.Release|ARM.ActiveCfg = Release|iPhoneSimulator
		{59AF587F-F2F6-41A2-9AD3-4C2FF0F8949D}.Release|ARM64.ActiveCfg = Release|iPhoneSimulator
		{59AF587F-F2F6-41A2-9AD3-4C2FF0F8949D}.Release|iPhone.ActiveCfg = Release|iPhoneSimulator
		{59AF587F-F2F6-41A2-9AD3-4C2FF0F8949D}.Release|iPhoneSimulator.ActiveCfg = Release|iPhoneSimulator
		{59AF587F-F2F6-41A2-9AD3-4C2FF0F8949D}.Release|iPhoneSimulator.Build.0 = Release|iPhoneSimulator
		{59AF587F-F2F6-41A2-9AD3-4C2FF0F8949D}.Release|x64.ActiveCfg = Release|iPhoneSimulator
		{59AF587F-F2F6-41A2-9AD3-4C2FF0F8949D}.Release|x86.ActiveCfg = Release|iPhoneSimulator
		{75B32D00-D0E2-47DD-AF97-25FD8BBFB88E}.Ad-Hoc|Any CPU.ActiveCfg = Debug|Any CPU
		{75B32D00-D0E2-47DD-AF97-25FD8BBFB88E}.Ad-Hoc|Any CPU.Build.0 = Debug|Any CPU
		{75B32D00-D0E2-47DD-AF97-25FD8BBFB88E}.Ad-Hoc|ARM.ActiveCfg = Debug|Any CPU
		{75B32D00-D0E2-47DD-AF97-25FD8BBFB88E}.Ad-Hoc|ARM.Build.0 = Debug|Any CPU
		{75B32D00-D0E2-47DD-AF97-25FD8BBFB88E}.Ad-Hoc|ARM64.ActiveCfg = Debug|Any CPU
		{75B32D00-D0E2-47DD-AF97-25FD8BBFB88E}.Ad-Hoc|ARM64.Build.0 = Debug|Any CPU
		{75B32D00-D0E2-47DD-AF97-25FD8BBFB88E}.Ad-Hoc|iPhone.ActiveCfg = Debug|Any CPU
		{75B32D00-D0E2-47DD-AF97-25FD8BBFB88E}.Ad-Hoc|iPhone.Build.0 = Debug|Any CPU
		{75B32D00-D0E2-47DD-AF97-25FD8BBFB88E}.Ad-Hoc|iPhoneSimulator.ActiveCfg = Debug|Any CPU
		{75B32D00-D0E2-47DD-AF97-25FD8BBFB88E}.Ad-Hoc|iPhoneSimulator.Build.0 = Debug|Any CPU
		{75B32D00-D0E2-47DD-AF97-25FD8BBFB88E}.Ad-Hoc|x64.ActiveCfg = Debug|Any CPU
		{75B32D00-D0E2-47DD-AF97-25FD8BBFB88E}.Ad-Hoc|x64.Build.0 = Debug|Any CPU
		{75B32D00-D0E2-47DD-AF97-25FD8BBFB88E}.Ad-Hoc|x86.ActiveCfg = Debug|Any CPU
		{75B32D00-D0E2-47DD-AF97-25FD8BBFB88E}.Ad-Hoc|x86.Build.0 = Debug|Any CPU
		{75B32D00-D0E2-47DD-AF97-25FD8BBFB88E}.AppStore|Any CPU.ActiveCfg = Debug|Any CPU
		{75B32D00-D0E2-47DD-AF97-25FD8BBFB88E}.AppStore|Any CPU.Build.0 = Debug|Any CPU
		{75B32D00-D0E2-47DD-AF97-25FD8BBFB88E}.AppStore|ARM.ActiveCfg = Debug|Any CPU
		{75B32D00-D0E2-47DD-AF97-25FD8BBFB88E}.AppStore|ARM.Build.0 = Debug|Any CPU
		{75B32D00-D0E2-47DD-AF97-25FD8BBFB88E}.AppStore|ARM64.ActiveCfg = Debug|Any CPU
		{75B32D00-D0E2-47DD-AF97-25FD8BBFB88E}.AppStore|ARM64.Build.0 = Debug|Any CPU
		{75B32D00-D0E2-47DD-AF97-25FD8BBFB88E}.AppStore|iPhone.ActiveCfg = Debug|Any CPU
		{75B32D00-D0E2-47DD-AF97-25FD8BBFB88E}.AppStore|iPhone.Build.0 = Debug|Any CPU
		{75B32D00-D0E2-47DD-AF97-25FD8BBFB88E}.AppStore|iPhoneSimulator.ActiveCfg = Debug|Any CPU
		{75B32D00-D0E2-47DD-AF97-25FD8BBFB88E}.AppStore|iPhoneSimulator.Build.0 = Debug|Any CPU
		{75B32D00-D0E2-47DD-AF97-25FD8BBFB88E}.AppStore|x64.ActiveCfg = Debug|Any CPU
		{75B32D00-D0E2-47DD-AF97-25FD8BBFB88E}.AppStore|x64.Build.0 = Debug|Any CPU
		{75B32D00-D0E2-47DD-AF97-25FD8BBFB88E}.AppStore|x86.ActiveCfg = Debug|Any CPU
		{75B32D00-D0E2-47DD-AF97-25FD8BBFB88E}.AppStore|x86.Build.0 = Debug|Any CPU
		{75B32D00-D0E2-47DD-AF97-25FD8BBFB88E}.Debug|Any CPU.ActiveCfg = Debug|Any CPU
		{75B32D00-D0E2-47DD-AF97-25FD8BBFB88E}.Debug|ARM.ActiveCfg = Debug|Any CPU
		{75B32D00-D0E2-47DD-AF97-25FD8BBFB88E}.Debug|ARM.Build.0 = Debug|Any CPU
		{75B32D00-D0E2-47DD-AF97-25FD8BBFB88E}.Debug|ARM64.ActiveCfg = Debug|Any CPU
		{75B32D00-D0E2-47DD-AF97-25FD8BBFB88E}.Debug|ARM64.Build.0 = Debug|Any CPU
		{75B32D00-D0E2-47DD-AF97-25FD8BBFB88E}.Debug|iPhone.ActiveCfg = Debug|Any CPU
		{75B32D00-D0E2-47DD-AF97-25FD8BBFB88E}.Debug|iPhone.Build.0 = Debug|Any CPU
		{75B32D00-D0E2-47DD-AF97-25FD8BBFB88E}.Debug|iPhoneSimulator.ActiveCfg = Debug|Any CPU
		{75B32D00-D0E2-47DD-AF97-25FD8BBFB88E}.Debug|iPhoneSimulator.Build.0 = Debug|Any CPU
		{75B32D00-D0E2-47DD-AF97-25FD8BBFB88E}.Debug|x64.ActiveCfg = Debug|Any CPU
		{75B32D00-D0E2-47DD-AF97-25FD8BBFB88E}.Debug|x64.Build.0 = Debug|Any CPU
		{75B32D00-D0E2-47DD-AF97-25FD8BBFB88E}.Debug|x86.ActiveCfg = Debug|Any CPU
		{75B32D00-D0E2-47DD-AF97-25FD8BBFB88E}.Debug|x86.Build.0 = Debug|Any CPU
		{75B32D00-D0E2-47DD-AF97-25FD8BBFB88E}.Release|Any CPU.ActiveCfg = Release|Any CPU
		{75B32D00-D0E2-47DD-AF97-25FD8BBFB88E}.Release|Any CPU.Build.0 = Release|Any CPU
		{75B32D00-D0E2-47DD-AF97-25FD8BBFB88E}.Release|ARM.ActiveCfg = Release|Any CPU
		{75B32D00-D0E2-47DD-AF97-25FD8BBFB88E}.Release|ARM.Build.0 = Release|Any CPU
		{75B32D00-D0E2-47DD-AF97-25FD8BBFB88E}.Release|ARM64.ActiveCfg = Release|Any CPU
		{75B32D00-D0E2-47DD-AF97-25FD8BBFB88E}.Release|ARM64.Build.0 = Release|Any CPU
		{75B32D00-D0E2-47DD-AF97-25FD8BBFB88E}.Release|iPhone.ActiveCfg = Release|Any CPU
		{75B32D00-D0E2-47DD-AF97-25FD8BBFB88E}.Release|iPhone.Build.0 = Release|Any CPU
		{75B32D00-D0E2-47DD-AF97-25FD8BBFB88E}.Release|iPhoneSimulator.ActiveCfg = Release|Any CPU
		{75B32D00-D0E2-47DD-AF97-25FD8BBFB88E}.Release|iPhoneSimulator.Build.0 = Release|Any CPU
		{75B32D00-D0E2-47DD-AF97-25FD8BBFB88E}.Release|x64.ActiveCfg = Release|Any CPU
		{75B32D00-D0E2-47DD-AF97-25FD8BBFB88E}.Release|x64.Build.0 = Release|Any CPU
		{75B32D00-D0E2-47DD-AF97-25FD8BBFB88E}.Release|x86.ActiveCfg = Release|Any CPU
		{75B32D00-D0E2-47DD-AF97-25FD8BBFB88E}.Release|x86.Build.0 = Release|Any CPU
		{7E881EB0-0E85-4A41-A3EF-EE9D1C98B798}.Ad-Hoc|Any CPU.ActiveCfg = Debug|Any CPU
		{7E881EB0-0E85-4A41-A3EF-EE9D1C98B798}.Ad-Hoc|Any CPU.Build.0 = Debug|Any CPU
		{7E881EB0-0E85-4A41-A3EF-EE9D1C98B798}.Ad-Hoc|ARM.ActiveCfg = Debug|Any CPU
		{7E881EB0-0E85-4A41-A3EF-EE9D1C98B798}.Ad-Hoc|ARM.Build.0 = Debug|Any CPU
		{7E881EB0-0E85-4A41-A3EF-EE9D1C98B798}.Ad-Hoc|ARM64.ActiveCfg = Debug|Any CPU
		{7E881EB0-0E85-4A41-A3EF-EE9D1C98B798}.Ad-Hoc|ARM64.Build.0 = Debug|Any CPU
		{7E881EB0-0E85-4A41-A3EF-EE9D1C98B798}.Ad-Hoc|iPhone.ActiveCfg = Debug|Any CPU
		{7E881EB0-0E85-4A41-A3EF-EE9D1C98B798}.Ad-Hoc|iPhone.Build.0 = Debug|Any CPU
		{7E881EB0-0E85-4A41-A3EF-EE9D1C98B798}.Ad-Hoc|iPhoneSimulator.ActiveCfg = Debug|Any CPU
		{7E881EB0-0E85-4A41-A3EF-EE9D1C98B798}.Ad-Hoc|iPhoneSimulator.Build.0 = Debug|Any CPU
		{7E881EB0-0E85-4A41-A3EF-EE9D1C98B798}.Ad-Hoc|x64.ActiveCfg = Debug|Any CPU
		{7E881EB0-0E85-4A41-A3EF-EE9D1C98B798}.Ad-Hoc|x64.Build.0 = Debug|Any CPU
		{7E881EB0-0E85-4A41-A3EF-EE9D1C98B798}.Ad-Hoc|x86.ActiveCfg = Debug|Any CPU
		{7E881EB0-0E85-4A41-A3EF-EE9D1C98B798}.Ad-Hoc|x86.Build.0 = Debug|Any CPU
		{7E881EB0-0E85-4A41-A3EF-EE9D1C98B798}.AppStore|Any CPU.ActiveCfg = Debug|Any CPU
		{7E881EB0-0E85-4A41-A3EF-EE9D1C98B798}.AppStore|Any CPU.Build.0 = Debug|Any CPU
		{7E881EB0-0E85-4A41-A3EF-EE9D1C98B798}.AppStore|ARM.ActiveCfg = Debug|Any CPU
		{7E881EB0-0E85-4A41-A3EF-EE9D1C98B798}.AppStore|ARM.Build.0 = Debug|Any CPU
		{7E881EB0-0E85-4A41-A3EF-EE9D1C98B798}.AppStore|ARM64.ActiveCfg = Debug|Any CPU
		{7E881EB0-0E85-4A41-A3EF-EE9D1C98B798}.AppStore|ARM64.Build.0 = Debug|Any CPU
		{7E881EB0-0E85-4A41-A3EF-EE9D1C98B798}.AppStore|iPhone.ActiveCfg = Debug|Any CPU
		{7E881EB0-0E85-4A41-A3EF-EE9D1C98B798}.AppStore|iPhone.Build.0 = Debug|Any CPU
		{7E881EB0-0E85-4A41-A3EF-EE9D1C98B798}.AppStore|iPhoneSimulator.ActiveCfg = Debug|Any CPU
		{7E881EB0-0E85-4A41-A3EF-EE9D1C98B798}.AppStore|iPhoneSimulator.Build.0 = Debug|Any CPU
		{7E881EB0-0E85-4A41-A3EF-EE9D1C98B798}.AppStore|x64.ActiveCfg = Debug|Any CPU
		{7E881EB0-0E85-4A41-A3EF-EE9D1C98B798}.AppStore|x64.Build.0 = Debug|Any CPU
		{7E881EB0-0E85-4A41-A3EF-EE9D1C98B798}.AppStore|x86.ActiveCfg = Debug|Any CPU
		{7E881EB0-0E85-4A41-A3EF-EE9D1C98B798}.AppStore|x86.Build.0 = Debug|Any CPU
		{7E881EB0-0E85-4A41-A3EF-EE9D1C98B798}.Debug|Any CPU.ActiveCfg = Debug|Any CPU
		{7E881EB0-0E85-4A41-A3EF-EE9D1C98B798}.Debug|ARM.ActiveCfg = Debug|Any CPU
		{7E881EB0-0E85-4A41-A3EF-EE9D1C98B798}.Debug|ARM.Build.0 = Debug|Any CPU
		{7E881EB0-0E85-4A41-A3EF-EE9D1C98B798}.Debug|ARM64.ActiveCfg = Debug|Any CPU
		{7E881EB0-0E85-4A41-A3EF-EE9D1C98B798}.Debug|ARM64.Build.0 = Debug|Any CPU
		{7E881EB0-0E85-4A41-A3EF-EE9D1C98B798}.Debug|iPhone.ActiveCfg = Debug|Any CPU
		{7E881EB0-0E85-4A41-A3EF-EE9D1C98B798}.Debug|iPhone.Build.0 = Debug|Any CPU
		{7E881EB0-0E85-4A41-A3EF-EE9D1C98B798}.Debug|iPhoneSimulator.ActiveCfg = Debug|Any CPU
		{7E881EB0-0E85-4A41-A3EF-EE9D1C98B798}.Debug|iPhoneSimulator.Build.0 = Debug|Any CPU
		{7E881EB0-0E85-4A41-A3EF-EE9D1C98B798}.Debug|x64.ActiveCfg = Debug|Any CPU
		{7E881EB0-0E85-4A41-A3EF-EE9D1C98B798}.Debug|x64.Build.0 = Debug|Any CPU
		{7E881EB0-0E85-4A41-A3EF-EE9D1C98B798}.Debug|x86.ActiveCfg = Debug|Any CPU
		{7E881EB0-0E85-4A41-A3EF-EE9D1C98B798}.Debug|x86.Build.0 = Debug|Any CPU
		{7E881EB0-0E85-4A41-A3EF-EE9D1C98B798}.Release|Any CPU.ActiveCfg = Release|Any CPU
		{7E881EB0-0E85-4A41-A3EF-EE9D1C98B798}.Release|Any CPU.Build.0 = Release|Any CPU
		{7E881EB0-0E85-4A41-A3EF-EE9D1C98B798}.Release|ARM.ActiveCfg = Release|Any CPU
		{7E881EB0-0E85-4A41-A3EF-EE9D1C98B798}.Release|ARM.Build.0 = Release|Any CPU
		{7E881EB0-0E85-4A41-A3EF-EE9D1C98B798}.Release|ARM64.ActiveCfg = Release|Any CPU
		{7E881EB0-0E85-4A41-A3EF-EE9D1C98B798}.Release|ARM64.Build.0 = Release|Any CPU
		{7E881EB0-0E85-4A41-A3EF-EE9D1C98B798}.Release|iPhone.ActiveCfg = Release|Any CPU
		{7E881EB0-0E85-4A41-A3EF-EE9D1C98B798}.Release|iPhone.Build.0 = Release|Any CPU
		{7E881EB0-0E85-4A41-A3EF-EE9D1C98B798}.Release|iPhoneSimulator.ActiveCfg = Release|Any CPU
		{7E881EB0-0E85-4A41-A3EF-EE9D1C98B798}.Release|iPhoneSimulator.Build.0 = Release|Any CPU
		{7E881EB0-0E85-4A41-A3EF-EE9D1C98B798}.Release|x64.ActiveCfg = Release|Any CPU
		{7E881EB0-0E85-4A41-A3EF-EE9D1C98B798}.Release|x64.Build.0 = Release|Any CPU
		{7E881EB0-0E85-4A41-A3EF-EE9D1C98B798}.Release|x86.ActiveCfg = Release|Any CPU
		{7E881EB0-0E85-4A41-A3EF-EE9D1C98B798}.Release|x86.Build.0 = Release|Any CPU
		{BF062E24-0B30-4381-8A8F-F4785FD454F3}.Ad-Hoc|Any CPU.ActiveCfg = Debug|Any CPU
		{BF062E24-0B30-4381-8A8F-F4785FD454F3}.Ad-Hoc|Any CPU.Build.0 = Debug|Any CPU
		{BF062E24-0B30-4381-8A8F-F4785FD454F3}.Ad-Hoc|ARM.ActiveCfg = Debug|Any CPU
		{BF062E24-0B30-4381-8A8F-F4785FD454F3}.Ad-Hoc|ARM.Build.0 = Debug|Any CPU
		{BF062E24-0B30-4381-8A8F-F4785FD454F3}.Ad-Hoc|ARM64.ActiveCfg = Debug|Any CPU
		{BF062E24-0B30-4381-8A8F-F4785FD454F3}.Ad-Hoc|ARM64.Build.0 = Debug|Any CPU
		{BF062E24-0B30-4381-8A8F-F4785FD454F3}.Ad-Hoc|iPhone.ActiveCfg = Debug|Any CPU
		{BF062E24-0B30-4381-8A8F-F4785FD454F3}.Ad-Hoc|iPhone.Build.0 = Debug|Any CPU
		{BF062E24-0B30-4381-8A8F-F4785FD454F3}.Ad-Hoc|iPhoneSimulator.ActiveCfg = Debug|Any CPU
		{BF062E24-0B30-4381-8A8F-F4785FD454F3}.Ad-Hoc|iPhoneSimulator.Build.0 = Debug|Any CPU
		{BF062E24-0B30-4381-8A8F-F4785FD454F3}.Ad-Hoc|x64.ActiveCfg = Debug|Any CPU
		{BF062E24-0B30-4381-8A8F-F4785FD454F3}.Ad-Hoc|x64.Build.0 = Debug|Any CPU
		{BF062E24-0B30-4381-8A8F-F4785FD454F3}.Ad-Hoc|x86.ActiveCfg = Debug|Any CPU
		{BF062E24-0B30-4381-8A8F-F4785FD454F3}.Ad-Hoc|x86.Build.0 = Debug|Any CPU
		{BF062E24-0B30-4381-8A8F-F4785FD454F3}.AppStore|Any CPU.ActiveCfg = Debug|Any CPU
		{BF062E24-0B30-4381-8A8F-F4785FD454F3}.AppStore|Any CPU.Build.0 = Debug|Any CPU
		{BF062E24-0B30-4381-8A8F-F4785FD454F3}.AppStore|ARM.ActiveCfg = Debug|Any CPU
		{BF062E24-0B30-4381-8A8F-F4785FD454F3}.AppStore|ARM.Build.0 = Debug|Any CPU
		{BF062E24-0B30-4381-8A8F-F4785FD454F3}.AppStore|ARM64.ActiveCfg = Debug|Any CPU
		{BF062E24-0B30-4381-8A8F-F4785FD454F3}.AppStore|ARM64.Build.0 = Debug|Any CPU
		{BF062E24-0B30-4381-8A8F-F4785FD454F3}.AppStore|iPhone.ActiveCfg = Debug|Any CPU
		{BF062E24-0B30-4381-8A8F-F4785FD454F3}.AppStore|iPhone.Build.0 = Debug|Any CPU
		{BF062E24-0B30-4381-8A8F-F4785FD454F3}.AppStore|iPhoneSimulator.ActiveCfg = Debug|Any CPU
		{BF062E24-0B30-4381-8A8F-F4785FD454F3}.AppStore|iPhoneSimulator.Build.0 = Debug|Any CPU
		{BF062E24-0B30-4381-8A8F-F4785FD454F3}.AppStore|x64.ActiveCfg = Debug|Any CPU
		{BF062E24-0B30-4381-8A8F-F4785FD454F3}.AppStore|x64.Build.0 = Debug|Any CPU
		{BF062E24-0B30-4381-8A8F-F4785FD454F3}.AppStore|x86.ActiveCfg = Debug|Any CPU
		{BF062E24-0B30-4381-8A8F-F4785FD454F3}.AppStore|x86.Build.0 = Debug|Any CPU
		{BF062E24-0B30-4381-8A8F-F4785FD454F3}.Debug|Any CPU.ActiveCfg = Debug|Any CPU
		{BF062E24-0B30-4381-8A8F-F4785FD454F3}.Debug|ARM.ActiveCfg = Debug|Any CPU
		{BF062E24-0B30-4381-8A8F-F4785FD454F3}.Debug|ARM.Build.0 = Debug|Any CPU
		{BF062E24-0B30-4381-8A8F-F4785FD454F3}.Debug|ARM64.ActiveCfg = Debug|Any CPU
		{BF062E24-0B30-4381-8A8F-F4785FD454F3}.Debug|ARM64.Build.0 = Debug|Any CPU
		{BF062E24-0B30-4381-8A8F-F4785FD454F3}.Debug|iPhone.ActiveCfg = Debug|Any CPU
		{BF062E24-0B30-4381-8A8F-F4785FD454F3}.Debug|iPhone.Build.0 = Debug|Any CPU
		{BF062E24-0B30-4381-8A8F-F4785FD454F3}.Debug|iPhoneSimulator.ActiveCfg = Debug|Any CPU
		{BF062E24-0B30-4381-8A8F-F4785FD454F3}.Debug|iPhoneSimulator.Build.0 = Debug|Any CPU
		{BF062E24-0B30-4381-8A8F-F4785FD454F3}.Debug|x64.ActiveCfg = Debug|Any CPU
		{BF062E24-0B30-4381-8A8F-F4785FD454F3}.Debug|x64.Build.0 = Debug|Any CPU
		{BF062E24-0B30-4381-8A8F-F4785FD454F3}.Debug|x86.ActiveCfg = Debug|Any CPU
		{BF062E24-0B30-4381-8A8F-F4785FD454F3}.Debug|x86.Build.0 = Debug|Any CPU
		{BF062E24-0B30-4381-8A8F-F4785FD454F3}.Release|Any CPU.ActiveCfg = Release|Any CPU
		{BF062E24-0B30-4381-8A8F-F4785FD454F3}.Release|Any CPU.Build.0 = Release|Any CPU
		{BF062E24-0B30-4381-8A8F-F4785FD454F3}.Release|ARM.ActiveCfg = Release|Any CPU
		{BF062E24-0B30-4381-8A8F-F4785FD454F3}.Release|ARM.Build.0 = Release|Any CPU
		{BF062E24-0B30-4381-8A8F-F4785FD454F3}.Release|ARM64.ActiveCfg = Release|Any CPU
		{BF062E24-0B30-4381-8A8F-F4785FD454F3}.Release|ARM64.Build.0 = Release|Any CPU
		{BF062E24-0B30-4381-8A8F-F4785FD454F3}.Release|iPhone.ActiveCfg = Release|Any CPU
		{BF062E24-0B30-4381-8A8F-F4785FD454F3}.Release|iPhone.Build.0 = Release|Any CPU
		{BF062E24-0B30-4381-8A8F-F4785FD454F3}.Release|iPhoneSimulator.ActiveCfg = Release|Any CPU
		{BF062E24-0B30-4381-8A8F-F4785FD454F3}.Release|iPhoneSimulator.Build.0 = Release|Any CPU
		{BF062E24-0B30-4381-8A8F-F4785FD454F3}.Release|x64.ActiveCfg = Release|Any CPU
		{BF062E24-0B30-4381-8A8F-F4785FD454F3}.Release|x64.Build.0 = Release|Any CPU
		{BF062E24-0B30-4381-8A8F-F4785FD454F3}.Release|x86.ActiveCfg = Release|Any CPU
		{BF062E24-0B30-4381-8A8F-F4785FD454F3}.Release|x86.Build.0 = Release|Any CPU
		{9EFD523B-4A48-42B1-A5C2-F5664C4CDA63}.Ad-Hoc|Any CPU.ActiveCfg = Debug|Any CPU
		{9EFD523B-4A48-42B1-A5C2-F5664C4CDA63}.Ad-Hoc|Any CPU.Build.0 = Debug|Any CPU
		{9EFD523B-4A48-42B1-A5C2-F5664C4CDA63}.Ad-Hoc|ARM.ActiveCfg = Debug|Any CPU
		{9EFD523B-4A48-42B1-A5C2-F5664C4CDA63}.Ad-Hoc|ARM.Build.0 = Debug|Any CPU
		{9EFD523B-4A48-42B1-A5C2-F5664C4CDA63}.Ad-Hoc|ARM64.ActiveCfg = Debug|Any CPU
		{9EFD523B-4A48-42B1-A5C2-F5664C4CDA63}.Ad-Hoc|ARM64.Build.0 = Debug|Any CPU
		{9EFD523B-4A48-42B1-A5C2-F5664C4CDA63}.Ad-Hoc|iPhone.ActiveCfg = Debug|Any CPU
		{9EFD523B-4A48-42B1-A5C2-F5664C4CDA63}.Ad-Hoc|iPhone.Build.0 = Debug|Any CPU
		{9EFD523B-4A48-42B1-A5C2-F5664C4CDA63}.Ad-Hoc|iPhoneSimulator.ActiveCfg = Debug|Any CPU
		{9EFD523B-4A48-42B1-A5C2-F5664C4CDA63}.Ad-Hoc|iPhoneSimulator.Build.0 = Debug|Any CPU
		{9EFD523B-4A48-42B1-A5C2-F5664C4CDA63}.Ad-Hoc|x64.ActiveCfg = Debug|Any CPU
		{9EFD523B-4A48-42B1-A5C2-F5664C4CDA63}.Ad-Hoc|x64.Build.0 = Debug|Any CPU
		{9EFD523B-4A48-42B1-A5C2-F5664C4CDA63}.Ad-Hoc|x86.ActiveCfg = Debug|Any CPU
		{9EFD523B-4A48-42B1-A5C2-F5664C4CDA63}.Ad-Hoc|x86.Build.0 = Debug|Any CPU
		{9EFD523B-4A48-42B1-A5C2-F5664C4CDA63}.AppStore|Any CPU.ActiveCfg = Debug|Any CPU
		{9EFD523B-4A48-42B1-A5C2-F5664C4CDA63}.AppStore|Any CPU.Build.0 = Debug|Any CPU
		{9EFD523B-4A48-42B1-A5C2-F5664C4CDA63}.AppStore|ARM.ActiveCfg = Debug|Any CPU
		{9EFD523B-4A48-42B1-A5C2-F5664C4CDA63}.AppStore|ARM.Build.0 = Debug|Any CPU
		{9EFD523B-4A48-42B1-A5C2-F5664C4CDA63}.AppStore|ARM64.ActiveCfg = Debug|Any CPU
		{9EFD523B-4A48-42B1-A5C2-F5664C4CDA63}.AppStore|ARM64.Build.0 = Debug|Any CPU
		{9EFD523B-4A48-42B1-A5C2-F5664C4CDA63}.AppStore|iPhone.ActiveCfg = Debug|Any CPU
		{9EFD523B-4A48-42B1-A5C2-F5664C4CDA63}.AppStore|iPhone.Build.0 = Debug|Any CPU
		{9EFD523B-4A48-42B1-A5C2-F5664C4CDA63}.AppStore|iPhoneSimulator.ActiveCfg = Debug|Any CPU
		{9EFD523B-4A48-42B1-A5C2-F5664C4CDA63}.AppStore|iPhoneSimulator.Build.0 = Debug|Any CPU
		{9EFD523B-4A48-42B1-A5C2-F5664C4CDA63}.AppStore|x64.ActiveCfg = Debug|Any CPU
		{9EFD523B-4A48-42B1-A5C2-F5664C4CDA63}.AppStore|x64.Build.0 = Debug|Any CPU
		{9EFD523B-4A48-42B1-A5C2-F5664C4CDA63}.AppStore|x86.ActiveCfg = Debug|Any CPU
		{9EFD523B-4A48-42B1-A5C2-F5664C4CDA63}.AppStore|x86.Build.0 = Debug|Any CPU
		{9EFD523B-4A48-42B1-A5C2-F5664C4CDA63}.Debug|Any CPU.ActiveCfg = Debug|Any CPU
		{9EFD523B-4A48-42B1-A5C2-F5664C4CDA63}.Debug|ARM.ActiveCfg = Debug|Any CPU
		{9EFD523B-4A48-42B1-A5C2-F5664C4CDA63}.Debug|ARM.Build.0 = Debug|Any CPU
		{9EFD523B-4A48-42B1-A5C2-F5664C4CDA63}.Debug|ARM64.ActiveCfg = Debug|Any CPU
		{9EFD523B-4A48-42B1-A5C2-F5664C4CDA63}.Debug|ARM64.Build.0 = Debug|Any CPU
		{9EFD523B-4A48-42B1-A5C2-F5664C4CDA63}.Debug|iPhone.ActiveCfg = Debug|Any CPU
		{9EFD523B-4A48-42B1-A5C2-F5664C4CDA63}.Debug|iPhone.Build.0 = Debug|Any CPU
		{9EFD523B-4A48-42B1-A5C2-F5664C4CDA63}.Debug|iPhoneSimulator.ActiveCfg = Debug|Any CPU
		{9EFD523B-4A48-42B1-A5C2-F5664C4CDA63}.Debug|iPhoneSimulator.Build.0 = Debug|Any CPU
		{9EFD523B-4A48-42B1-A5C2-F5664C4CDA63}.Debug|x64.ActiveCfg = Debug|Any CPU
		{9EFD523B-4A48-42B1-A5C2-F5664C4CDA63}.Debug|x64.Build.0 = Debug|Any CPU
		{9EFD523B-4A48-42B1-A5C2-F5664C4CDA63}.Debug|x86.ActiveCfg = Debug|Any CPU
		{9EFD523B-4A48-42B1-A5C2-F5664C4CDA63}.Debug|x86.Build.0 = Debug|Any CPU
		{9EFD523B-4A48-42B1-A5C2-F5664C4CDA63}.Release|Any CPU.ActiveCfg = Release|Any CPU
		{9EFD523B-4A48-42B1-A5C2-F5664C4CDA63}.Release|Any CPU.Build.0 = Release|Any CPU
		{9EFD523B-4A48-42B1-A5C2-F5664C4CDA63}.Release|ARM.ActiveCfg = Release|Any CPU
		{9EFD523B-4A48-42B1-A5C2-F5664C4CDA63}.Release|ARM.Build.0 = Release|Any CPU
		{9EFD523B-4A48-42B1-A5C2-F5664C4CDA63}.Release|ARM64.ActiveCfg = Release|Any CPU
		{9EFD523B-4A48-42B1-A5C2-F5664C4CDA63}.Release|ARM64.Build.0 = Release|Any CPU
		{9EFD523B-4A48-42B1-A5C2-F5664C4CDA63}.Release|iPhone.ActiveCfg = Release|Any CPU
		{9EFD523B-4A48-42B1-A5C2-F5664C4CDA63}.Release|iPhone.Build.0 = Release|Any CPU
		{9EFD523B-4A48-42B1-A5C2-F5664C4CDA63}.Release|iPhoneSimulator.ActiveCfg = Release|Any CPU
		{9EFD523B-4A48-42B1-A5C2-F5664C4CDA63}.Release|iPhoneSimulator.Build.0 = Release|Any CPU
		{9EFD523B-4A48-42B1-A5C2-F5664C4CDA63}.Release|x64.ActiveCfg = Release|Any CPU
		{9EFD523B-4A48-42B1-A5C2-F5664C4CDA63}.Release|x64.Build.0 = Release|Any CPU
		{9EFD523B-4A48-42B1-A5C2-F5664C4CDA63}.Release|x86.ActiveCfg = Release|Any CPU
		{9EFD523B-4A48-42B1-A5C2-F5664C4CDA63}.Release|x86.Build.0 = Release|Any CPU
		{CA2738C2-2B63-4C59-8D83-A110E24970ED}.Ad-Hoc|Any CPU.ActiveCfg = Debug|Any CPU
		{CA2738C2-2B63-4C59-8D83-A110E24970ED}.Ad-Hoc|Any CPU.Build.0 = Debug|Any CPU
		{CA2738C2-2B63-4C59-8D83-A110E24970ED}.Ad-Hoc|ARM.ActiveCfg = Debug|Any CPU
		{CA2738C2-2B63-4C59-8D83-A110E24970ED}.Ad-Hoc|ARM.Build.0 = Debug|Any CPU
		{CA2738C2-2B63-4C59-8D83-A110E24970ED}.Ad-Hoc|ARM64.ActiveCfg = Debug|Any CPU
		{CA2738C2-2B63-4C59-8D83-A110E24970ED}.Ad-Hoc|ARM64.Build.0 = Debug|Any CPU
		{CA2738C2-2B63-4C59-8D83-A110E24970ED}.Ad-Hoc|iPhone.ActiveCfg = Debug|Any CPU
		{CA2738C2-2B63-4C59-8D83-A110E24970ED}.Ad-Hoc|iPhone.Build.0 = Debug|Any CPU
		{CA2738C2-2B63-4C59-8D83-A110E24970ED}.Ad-Hoc|iPhoneSimulator.ActiveCfg = Debug|Any CPU
		{CA2738C2-2B63-4C59-8D83-A110E24970ED}.Ad-Hoc|iPhoneSimulator.Build.0 = Debug|Any CPU
		{CA2738C2-2B63-4C59-8D83-A110E24970ED}.Ad-Hoc|x64.ActiveCfg = Debug|Any CPU
		{CA2738C2-2B63-4C59-8D83-A110E24970ED}.Ad-Hoc|x64.Build.0 = Debug|Any CPU
		{CA2738C2-2B63-4C59-8D83-A110E24970ED}.Ad-Hoc|x86.ActiveCfg = Debug|Any CPU
		{CA2738C2-2B63-4C59-8D83-A110E24970ED}.Ad-Hoc|x86.Build.0 = Debug|Any CPU
		{CA2738C2-2B63-4C59-8D83-A110E24970ED}.AppStore|Any CPU.ActiveCfg = Debug|Any CPU
		{CA2738C2-2B63-4C59-8D83-A110E24970ED}.AppStore|Any CPU.Build.0 = Debug|Any CPU
		{CA2738C2-2B63-4C59-8D83-A110E24970ED}.AppStore|ARM.ActiveCfg = Debug|Any CPU
		{CA2738C2-2B63-4C59-8D83-A110E24970ED}.AppStore|ARM.Build.0 = Debug|Any CPU
		{CA2738C2-2B63-4C59-8D83-A110E24970ED}.AppStore|ARM64.ActiveCfg = Debug|Any CPU
		{CA2738C2-2B63-4C59-8D83-A110E24970ED}.AppStore|ARM64.Build.0 = Debug|Any CPU
		{CA2738C2-2B63-4C59-8D83-A110E24970ED}.AppStore|iPhone.ActiveCfg = Debug|Any CPU
		{CA2738C2-2B63-4C59-8D83-A110E24970ED}.AppStore|iPhone.Build.0 = Debug|Any CPU
		{CA2738C2-2B63-4C59-8D83-A110E24970ED}.AppStore|iPhoneSimulator.ActiveCfg = Debug|Any CPU
		{CA2738C2-2B63-4C59-8D83-A110E24970ED}.AppStore|iPhoneSimulator.Build.0 = Debug|Any CPU
		{CA2738C2-2B63-4C59-8D83-A110E24970ED}.AppStore|x64.ActiveCfg = Debug|Any CPU
		{CA2738C2-2B63-4C59-8D83-A110E24970ED}.AppStore|x64.Build.0 = Debug|Any CPU
		{CA2738C2-2B63-4C59-8D83-A110E24970ED}.AppStore|x86.ActiveCfg = Debug|Any CPU
		{CA2738C2-2B63-4C59-8D83-A110E24970ED}.AppStore|x86.Build.0 = Debug|Any CPU
		{CA2738C2-2B63-4C59-8D83-A110E24970ED}.Debug|Any CPU.ActiveCfg = Debug|Any CPU
		{CA2738C2-2B63-4C59-8D83-A110E24970ED}.Debug|Any CPU.Build.0 = Debug|Any CPU
		{CA2738C2-2B63-4C59-8D83-A110E24970ED}.Debug|ARM.ActiveCfg = Debug|Any CPU
		{CA2738C2-2B63-4C59-8D83-A110E24970ED}.Debug|ARM.Build.0 = Debug|Any CPU
		{CA2738C2-2B63-4C59-8D83-A110E24970ED}.Debug|ARM64.ActiveCfg = Debug|Any CPU
		{CA2738C2-2B63-4C59-8D83-A110E24970ED}.Debug|ARM64.Build.0 = Debug|Any CPU
		{CA2738C2-2B63-4C59-8D83-A110E24970ED}.Debug|iPhone.ActiveCfg = Debug|Any CPU
		{CA2738C2-2B63-4C59-8D83-A110E24970ED}.Debug|iPhone.Build.0 = Debug|Any CPU
		{CA2738C2-2B63-4C59-8D83-A110E24970ED}.Debug|iPhoneSimulator.ActiveCfg = Debug|Any CPU
		{CA2738C2-2B63-4C59-8D83-A110E24970ED}.Debug|iPhoneSimulator.Build.0 = Debug|Any CPU
		{CA2738C2-2B63-4C59-8D83-A110E24970ED}.Debug|x64.ActiveCfg = Debug|Any CPU
		{CA2738C2-2B63-4C59-8D83-A110E24970ED}.Debug|x64.Build.0 = Debug|Any CPU
		{CA2738C2-2B63-4C59-8D83-A110E24970ED}.Debug|x86.ActiveCfg = Debug|Any CPU
		{CA2738C2-2B63-4C59-8D83-A110E24970ED}.Debug|x86.Build.0 = Debug|Any CPU
		{CA2738C2-2B63-4C59-8D83-A110E24970ED}.Release|Any CPU.ActiveCfg = Release|Any CPU
		{CA2738C2-2B63-4C59-8D83-A110E24970ED}.Release|Any CPU.Build.0 = Release|Any CPU
		{CA2738C2-2B63-4C59-8D83-A110E24970ED}.Release|ARM.ActiveCfg = Release|Any CPU
		{CA2738C2-2B63-4C59-8D83-A110E24970ED}.Release|ARM.Build.0 = Release|Any CPU
		{CA2738C2-2B63-4C59-8D83-A110E24970ED}.Release|ARM64.ActiveCfg = Release|Any CPU
		{CA2738C2-2B63-4C59-8D83-A110E24970ED}.Release|ARM64.Build.0 = Release|Any CPU
		{CA2738C2-2B63-4C59-8D83-A110E24970ED}.Release|iPhone.ActiveCfg = Release|Any CPU
		{CA2738C2-2B63-4C59-8D83-A110E24970ED}.Release|iPhone.Build.0 = Release|Any CPU
		{CA2738C2-2B63-4C59-8D83-A110E24970ED}.Release|iPhoneSimulator.ActiveCfg = Release|Any CPU
		{CA2738C2-2B63-4C59-8D83-A110E24970ED}.Release|iPhoneSimulator.Build.0 = Release|Any CPU
		{CA2738C2-2B63-4C59-8D83-A110E24970ED}.Release|x64.ActiveCfg = Release|Any CPU
		{CA2738C2-2B63-4C59-8D83-A110E24970ED}.Release|x64.Build.0 = Release|Any CPU
		{CA2738C2-2B63-4C59-8D83-A110E24970ED}.Release|x86.ActiveCfg = Release|Any CPU
		{CA2738C2-2B63-4C59-8D83-A110E24970ED}.Release|x86.Build.0 = Release|Any CPU
	EndGlobalSection
	GlobalSection(SolutionProperties) = preSolution
		HideSolutionNode = FALSE
	EndGlobalSection
	GlobalSection(NestedProjects) = preSolution
		{6C2E75BC-98A0-42F4-AD8C-8E526E87C227} = {BF71C72A-A913-43F1-8B46-6413D6899107}
		{4975372C-7037-453C-A2AC-5DCC1F92E38E} = {BF71C72A-A913-43F1-8B46-6413D6899107}
		{03377BBC-79D3-41C4-BAF4-A1ADC43B8CE8} = {BF71C72A-A913-43F1-8B46-6413D6899107}
		{60F7A6FB-F7AA-4D4D-8A62-EB88E1727E19} = {BF71C72A-A913-43F1-8B46-6413D6899107}
		{59AF587F-F2F6-41A2-9AD3-4C2FF0F8949D} = {BF71C72A-A913-43F1-8B46-6413D6899107}
		{75B32D00-D0E2-47DD-AF97-25FD8BBFB88E} = {BF71C72A-A913-43F1-8B46-6413D6899107}
		{7E881EB0-0E85-4A41-A3EF-EE9D1C98B798} = {BF71C72A-A913-43F1-8B46-6413D6899107}
		{BF062E24-0B30-4381-8A8F-F4785FD454F3} = {BF71C72A-A913-43F1-8B46-6413D6899107}
		{9EFD523B-4A48-42B1-A5C2-F5664C4CDA63} = {BF71C72A-A913-43F1-8B46-6413D6899107}
	EndGlobalSection
	GlobalSection(ExtensibilityGlobals) = postSolution
		SolutionGuid = {48D66D27-09A0-40A7-9F4A-794395D5192E}
	EndGlobalSection
EndGlobal
